// !$*UTF8*$!
{
	archiveVersion = 1;
	classes = {
	};
	objectVersion = 55;
	objects = {

/* Begin PBXBuildFile section */
		0485608F2821B4260071808D /* AppDelegate.swift in Sources */ = {isa = PBXBuildFile; fileRef = 0485608E2821B4260071808D /* AppDelegate.swift */; };
		048560912821B4260071808D /* SceneDelegate.swift in Sources */ = {isa = PBXBuildFile; fileRef = 048560902821B4260071808D /* SceneDelegate.swift */; };
		048560932821B4260071808D /* ViewController.swift in Sources */ = {isa = PBXBuildFile; fileRef = 048560922821B4260071808D /* ViewController.swift */; };
		048560962821B4260071808D /* Main.storyboard in Resources */ = {isa = PBXBuildFile; fileRef = 048560942821B4260071808D /* Main.storyboard */; };
		048560982821B4270071808D /* Assets.xcassets in Resources */ = {isa = PBXBuildFile; fileRef = 048560972821B4270071808D /* Assets.xcassets */; };
		0485609B2821B4270071808D /* LaunchScreen.storyboard in Resources */ = {isa = PBXBuildFile; fileRef = 048560992821B4270071808D /* LaunchScreen.storyboard */; };
		048560A32821BD510071808D /* Model.swift in Sources */ = {isa = PBXBuildFile; fileRef = 048560A22821BD510071808D /* Model.swift */; };
		0498828E282274C500DE9FAB /* GlobalExtension.swift in Sources */ = {isa = PBXBuildFile; fileRef = 0498828D282274C500DE9FAB /* GlobalExtension.swift */; };
		049882902822773700DE9FAB /* NetworkManage.swift in Sources */ = {isa = PBXBuildFile; fileRef = 0498828F2822773700DE9FAB /* NetworkManage.swift */; };
		2A7E94C87095FCF9284915C6 /* Pods_APITest.framework in Frameworks */ = {isa = PBXBuildFile; fileRef = 5C95B422DDD04A22A2090017 /* Pods_APITest.framework */; };
/* End PBXBuildFile section */

/* Begin PBXFileReference section */
		0485608B2821B4260071808D /* APITest.app */ = {isa = PBXFileReference; explicitFileType = wrapper.application; includeInIndex = 0; path = APITest.app; sourceTree = BUILT_PRODUCTS_DIR; };
		0485608E2821B4260071808D /* AppDelegate.swift */ = {isa = PBXFileReference; lastKnownFileType = sourcecode.swift; path = AppDelegate.swift; sourceTree = "<group>"; };
		048560902821B4260071808D /* SceneDelegate.swift */ = {isa = PBXFileReference; lastKnownFileType = sourcecode.swift; path = SceneDelegate.swift; sourceTree = "<group>"; };
		048560922821B4260071808D /* ViewController.swift */ = {isa = PBXFileReference; lastKnownFileType = sourcecode.swift; path = ViewController.swift; sourceTree = "<group>"; };
		048560952821B4260071808D /* Base */ = {isa = PBXFileReference; lastKnownFileType = file.storyboard; name = Base; path = Base.lproj/Main.storyboard; sourceTree = "<group>"; };
		048560972821B4270071808D /* Assets.xcassets */ = {isa = PBXFileReference; lastKnownFileType = folder.assetcatalog; path = Assets.xcassets; sourceTree = "<group>"; };
		0485609A2821B4270071808D /* Base */ = {isa = PBXFileReference; lastKnownFileType = file.storyboard; name = Base; path = Base.lproj/LaunchScreen.storyboard; sourceTree = "<group>"; };
		0485609C2821B4270071808D /* Info.plist */ = {isa = PBXFileReference; lastKnownFileType = text.plist.xml; path = Info.plist; sourceTree = "<group>"; };
		048560A22821BD510071808D /* Model.swift */ = {isa = PBXFileReference; lastKnownFileType = sourcecode.swift; path = Model.swift; sourceTree = "<group>"; };
		0498828D282274C500DE9FAB /* GlobalExtension.swift */ = {isa = PBXFileReference; lastKnownFileType = sourcecode.swift; path = GlobalExtension.swift; sourceTree = "<group>"; };
		0498828F2822773700DE9FAB /* NetworkManage.swift */ = {isa = PBXFileReference; lastKnownFileType = sourcecode.swift; path = NetworkManage.swift; sourceTree = "<group>"; };
		30CD7473B22E63187E7DD006 /* Pods-APITest.debug.xcconfig */ = {isa = PBXFileReference; includeInIndex = 1; lastKnownFileType = text.xcconfig; name = "Pods-APITest.debug.xcconfig"; path = "Target Support Files/Pods-APITest/Pods-APITest.debug.xcconfig"; sourceTree = "<group>"; };
		5C95B422DDD04A22A2090017 /* Pods_APITest.framework */ = {isa = PBXFileReference; explicitFileType = wrapper.framework; includeInIndex = 0; path = Pods_APITest.framework; sourceTree = BUILT_PRODUCTS_DIR; };
		D8C54E13F0AAF099E566E1F4 /* Pods-APITest.release.xcconfig */ = {isa = PBXFileReference; includeInIndex = 1; lastKnownFileType = text.xcconfig; name = "Pods-APITest.release.xcconfig"; path = "Target Support Files/Pods-APITest/Pods-APITest.release.xcconfig"; sourceTree = "<group>"; };
/* End PBXFileReference section */

/* Begin PBXFrameworksBuildPhase section */
		048560882821B4260071808D /* Frameworks */ = {
			isa = PBXFrameworksBuildPhase;
			buildActionMask = 2147483647;
			files = (
				2A7E94C87095FCF9284915C6 /* Pods_APITest.framework in Frameworks */,
			);
			runOnlyForDeploymentPostprocessing = 0;
		};
/* End PBXFrameworksBuildPhase section */

/* Begin PBXGroup section */
		048560822821B4260071808D = {
			isa = PBXGroup;
			children = (
				0485608D2821B4260071808D /* APITest */,
				0485608C2821B4260071808D /* Products */,
				F896FA6F9DE8121334D64C2F /* Pods */,
				B60A2ADED0E6320A017318D1 /* Frameworks */,
			);
			sourceTree = "<group>";
		};
		0485608C2821B4260071808D /* Products */ = {
			isa = PBXGroup;
			children = (
				0485608B2821B4260071808D /* APITest.app */,
			);
			name = Products;
			sourceTree = "<group>";
		};
		0485608D2821B4260071808D /* APITest */ = {
			isa = PBXGroup;
			children = (
				049882932822914700DE9FAB /* Models */,
				049882922822913500DE9FAB /* View */,
				049882942822919000DE9FAB /* Controllers */,
				0498828F2822773700DE9FAB /* NetworkManage.swift */,
				0498828D282274C500DE9FAB /* GlobalExtension.swift */,
				048560972821B4270071808D /* Assets.xcassets */,
				04988291282290C500DE9FAB /* Sistem */,
			);
			path = APITest;
			sourceTree = "<group>";
		};
		04988291282290C500DE9FAB /* Sistem */ = {
			isa = PBXGroup;
			children = (
				0485608E2821B4260071808D /* AppDelegate.swift */,
				048560902821B4260071808D /* SceneDelegate.swift */,
				0485609C2821B4270071808D /* Info.plist */,
			);
			path = Sistem;
			sourceTree = "<group>";
		};
		049882922822913500DE9FAB /* View */ = {
			isa = PBXGroup;
			children = (
				048560942821B4260071808D /* Main.storyboard */,
				048560992821B4270071808D /* LaunchScreen.storyboard */,
			);
			path = View;
			sourceTree = "<group>";
		};
		049882932822914700DE9FAB /* Models */ = {
			isa = PBXGroup;
			children = (
				048560A22821BD510071808D /* Model.swift */,
			);
			path = Models;
			sourceTree = "<group>";
		};
		049882942822919000DE9FAB /* Controllers */ = {
			isa = PBXGroup;
			children = (
				048560922821B4260071808D /* ViewController.swift */,
			);
			path = Controllers;
			sourceTree = "<group>";
		};
		B60A2ADED0E6320A017318D1 /* Frameworks */ = {
			isa = PBXGroup;
			children = (
				5C95B422DDD04A22A2090017 /* Pods_APITest.framework */,
			);
			name = Frameworks;
			sourceTree = "<group>";
		};
		F896FA6F9DE8121334D64C2F /* Pods */ = {
			isa = PBXGroup;
			children = (
				30CD7473B22E63187E7DD006 /* Pods-APITest.debug.xcconfig */,
				D8C54E13F0AAF099E566E1F4 /* Pods-APITest.release.xcconfig */,
			);
			name = Pods;
			path = Pods;
			sourceTree = "<group>";
		};
/* End PBXGroup section */

/* Begin PBXNativeTarget section */
		0485608A2821B4260071808D /* APITest */ = {
			isa = PBXNativeTarget;
			buildConfigurationList = 0485609F2821B4270071808D /* Build configuration list for PBXNativeTarget "APITest" */;
			buildPhases = (
				D0332961E731CF4FC84377AE /* [CP] Check Pods Manifest.lock */,
				048560872821B4260071808D /* Sources */,
				048560882821B4260071808D /* Frameworks */,
				048560892821B4260071808D /* Resources */,
				DEBC5FE9CB55032677CD8709 /* [CP] Embed Pods Frameworks */,
			);
			buildRules = (
			);
			dependencies = (
			);
			name = APITest;
			productName = APITest;
			productReference = 0485608B2821B4260071808D /* APITest.app */;
			productType = "com.apple.product-type.application";
		};
/* End PBXNativeTarget section */

/* Begin PBXProject section */
		048560832821B4260071808D /* Project object */ = {
			isa = PBXProject;
			attributes = {
				BuildIndependentTargetsInParallel = 1;
				LastSwiftUpdateCheck = 1320;
				LastUpgradeCheck = 1320;
				TargetAttributes = {
					0485608A2821B4260071808D = {
						CreatedOnToolsVersion = 13.2.1;
					};
				};
			};
			buildConfigurationList = 048560862821B4260071808D /* Build configuration list for PBXProject "APITest" */;
			compatibilityVersion = "Xcode 13.0";
			developmentRegion = en;
			hasScannedForEncodings = 0;
			knownRegions = (
				en,
				Base,
			);
			mainGroup = 048560822821B4260071808D;
			productRefGroup = 0485608C2821B4260071808D /* Products */;
			projectDirPath = "";
			projectRoot = "";
			targets = (
				0485608A2821B4260071808D /* APITest */,
			);
		};
/* End PBXProject section */

/* Begin PBXResourcesBuildPhase section */
		048560892821B4260071808D /* Resources */ = {
			isa = PBXResourcesBuildPhase;
			buildActionMask = 2147483647;
			files = (
				0485609B2821B4270071808D /* LaunchScreen.storyboard in Resources */,
				048560982821B4270071808D /* Assets.xcassets in Resources */,
				048560962821B4260071808D /* Main.storyboard in Resources */,
			);
			runOnlyForDeploymentPostprocessing = 0;
		};
/* End PBXResourcesBuildPhase section */

/* Begin PBXShellScriptBuildPhase section */
		D0332961E731CF4FC84377AE /* [CP] Check Pods Manifest.lock */ = {
			isa = PBXShellScriptBuildPhase;
			buildActionMask = 2147483647;
			files = (
			);
			inputFileListPaths = (
			);
			inputPaths = (
				"${PODS_PODFILE_DIR_PATH}/Podfile.lock",
				"${PODS_ROOT}/Manifest.lock",
			);
			name = "[CP] Check Pods Manifest.lock";
			outputFileListPaths = (
			);
			outputPaths = (
				"$(DERIVED_FILE_DIR)/Pods-APITest-checkManifestLockResult.txt",
			);
			runOnlyForDeploymentPostprocessing = 0;
			shellPath = /bin/sh;
			shellScript = "diff \"${PODS_PODFILE_DIR_PATH}/Podfile.lock\" \"${PODS_ROOT}/Manifest.lock\" > /dev/null\nif [ $? != 0 ] ; then\n    # print error to STDERR\n    echo \"error: The sandbox is not in sync with the Podfile.lock. Run 'pod install' or update your CocoaPods installation.\" >&2\n    exit 1\nfi\n# This output is used by Xcode 'outputs' to avoid re-running this script phase.\necho \"SUCCESS\" > \"${SCRIPT_OUTPUT_FILE_0}\"\n";
			showEnvVarsInLog = 0;
		};
		DEBC5FE9CB55032677CD8709 /* [CP] Embed Pods Frameworks */ = {
			isa = PBXShellScriptBuildPhase;
			buildActionMask = 2147483647;
			files = (
			);
			inputFileListPaths = (
				"${PODS_ROOT}/Target Support Files/Pods-APITest/Pods-APITest-frameworks-${CONFIGURATION}-input-files.xcfilelist",
			);
			name = "[CP] Embed Pods Frameworks";
			outputFileListPaths = (
				"${PODS_ROOT}/Target Support Files/Pods-APITest/Pods-APITest-frameworks-${CONFIGURATION}-output-files.xcfilelist",
			);
			runOnlyForDeploymentPostprocessing = 0;
			shellPath = /bin/sh;
			shellScript = "\"${PODS_ROOT}/Target Support Files/Pods-APITest/Pods-APITest-frameworks.sh\"\n";
			showEnvVarsInLog = 0;
		};
/* End PBXShellScriptBuildPhase section */

/* Begin PBXSourcesBuildPhase section */
		048560872821B4260071808D /* Sources */ = {
			isa = PBXSourcesBuildPhase;
			buildActionMask = 2147483647;
			files = (
				0498828E282274C500DE9FAB /* GlobalExtension.swift in Sources */,
				048560932821B4260071808D /* ViewController.swift in Sources */,
				048560A32821BD510071808D /* Model.swift in Sources */,
				049882902822773700DE9FAB /* NetworkManage.swift in Sources */,
				0485608F2821B4260071808D /* AppDelegate.swift in Sources */,
				048560912821B4260071808D /* SceneDelegate.swift in Sources */,
			);
			runOnlyForDeploymentPostprocessing = 0;
		};
/* End PBXSourcesBuildPhase section */

/* Begin PBXVariantGroup section */
		048560942821B4260071808D /* Main.storyboard */ = {
			isa = PBXVariantGroup;
			children = (
				048560952821B4260071808D /* Base */,
			);
			name = Main.storyboard;
			sourceTree = "<group>";
		};
		048560992821B4270071808D /* LaunchScreen.storyboard */ = {
			isa = PBXVariantGroup;
			children = (
				0485609A2821B4270071808D /* Base */,
			);
			name = LaunchScreen.storyboard;
			sourceTree = "<group>";
		};
/* End PBXVariantGroup section */

/* Begin XCBuildConfiguration section */
		0485609D2821B4270071808D /* Debug */ = {
			isa = XCBuildConfiguration;
			buildSettings = {
				ALWAYS_SEARCH_USER_PATHS = NO;
				CLANG_ANALYZER_NONNULL = YES;
				CLANG_ANALYZER_NUMBER_OBJECT_CONVERSION = YES_AGGRESSIVE;
				CLANG_CXX_LANGUAGE_STANDARD = "gnu++17";
				CLANG_CXX_LIBRARY = "libc++";
				CLANG_ENABLE_MODULES = YES;
				CLANG_ENABLE_OBJC_ARC = YES;
				CLANG_ENABLE_OBJC_WEAK = YES;
				CLANG_WARN_BLOCK_CAPTURE_AUTORELEASING = YES;
				CLANG_WARN_BOOL_CONVERSION = YES;
				CLANG_WARN_COMMA = YES;
				CLANG_WARN_CONSTANT_CONVERSION = YES;
				CLANG_WARN_DEPRECATED_OBJC_IMPLEMENTATIONS = YES;
				CLANG_WARN_DIRECT_OBJC_ISA_USAGE = YES_ERROR;
				CLANG_WARN_DOCUMENTATION_COMMENTS = YES;
				CLANG_WARN_EMPTY_BODY = YES;
				CLANG_WARN_ENUM_CONVERSION = YES;
				CLANG_WARN_INFINITE_RECURSION = YES;
				CLANG_WARN_INT_CONVERSION = YES;
				CLANG_WARN_NON_LITERAL_NULL_CONVERSION = YES;
				CLANG_WARN_OBJC_IMPLICIT_RETAIN_SELF = YES;
				CLANG_WARN_OBJC_LITERAL_CONVERSION = YES;
				CLANG_WARN_OBJC_ROOT_CLASS = YES_ERROR;
				CLANG_WARN_QUOTED_INCLUDE_IN_FRAMEWORK_HEADER = YES;
				CLANG_WARN_RANGE_LOOP_ANALYSIS = YES;
				CLANG_WARN_STRICT_PROTOTYPES = YES;
				CLANG_WARN_SUSPICIOUS_MOVE = YES;
				CLANG_WARN_UNGUARDED_AVAILABILITY = YES_AGGRESSIVE;
				CLANG_WARN_UNREACHABLE_CODE = YES;
				CLANG_WARN__DUPLICATE_METHOD_MATCH = YES;
				COPY_PHASE_STRIP = NO;
				DEBUG_INFORMATION_FORMAT = dwarf;
				ENABLE_STRICT_OBJC_MSGSEND = YES;
				ENABLE_TESTABILITY = YES;
				GCC_C_LANGUAGE_STANDARD = gnu11;
				GCC_DYNAMIC_NO_PIC = NO;
				GCC_NO_COMMON_BLOCKS = YES;
				GCC_OPTIMIZATION_LEVEL = 0;
				GCC_PREPROCESSOR_DEFINITIONS = (
					"DEBUG=1",
					"$(inherited)",
				);
				GCC_WARN_64_TO_32_BIT_CONVERSION = YES;
				GCC_WARN_ABOUT_RETURN_TYPE = YES_ERROR;
				GCC_WARN_UNDECLARED_SELECTOR = YES;
				GCC_WARN_UNINITIALIZED_AUTOS = YES_AGGRESSIVE;
				GCC_WARN_UNUSED_FUNCTION = YES;
				GCC_WARN_UNUSED_VARIABLE = YES;
				IPHONEOS_DEPLOYMENT_TARGET = 15.2;
				MTL_ENABLE_DEBUG_INFO = INCLUDE_SOURCE;
				MTL_FAST_MATH = YES;
				ONLY_ACTIVE_ARCH = YES;
				SDKROOT = iphoneos;
				SWIFT_ACTIVE_COMPILATION_CONDITIONS = DEBUG;
				SWIFT_OPTIMIZATION_LEVEL = "-Onone";
			};
			name = Debug;
		};
		0485609E2821B4270071808D /* Release */ = {
			isa = XCBuildConfiguration;
			buildSettings = {
				ALWAYS_SEARCH_USER_PATHS = NO;
				CLANG_ANALYZER_NONNULL = YES;
				CLANG_ANALYZER_NUMBER_OBJECT_CONVERSION = YES_AGGRESSIVE;
				CLANG_CXX_LANGUAGE_STANDARD = "gnu++17";
				CLANG_CXX_LIBRARY = "libc++";
				CLANG_ENABLE_MODULES = YES;
				CLANG_ENABLE_OBJC_ARC = YES;
				CLANG_ENABLE_OBJC_WEAK = YES;
				CLANG_WARN_BLOCK_CAPTURE_AUTORELEASING = YES;
				CLANG_WARN_BOOL_CONVERSION = YES;
				CLANG_WARN_COMMA = YES;
				CLANG_WARN_CONSTANT_CONVERSION = YES;
				CLANG_WARN_DEPRECATED_OBJC_IMPLEMENTATIONS = YES;
				CLANG_WARN_DIRECT_OBJC_ISA_USAGE = YES_ERROR;
				CLANG_WARN_DOCUMENTATION_COMMENTS = YES;
				CLANG_WARN_EMPTY_BODY = YES;
				CLANG_WARN_ENUM_CONVERSION = YES;
				CLANG_WARN_INFINITE_RECURSION = YES;
				CLANG_WARN_INT_CONVERSION = YES;
				CLANG_WARN_NON_LITERAL_NULL_CONVERSION = YES;
				CLANG_WARN_OBJC_IMPLICIT_RETAIN_SELF = YES;
				CLANG_WARN_OBJC_LITERAL_CONVERSION = YES;
				CLANG_WARN_OBJC_ROOT_CLASS = YES_ERROR;
				CLANG_WARN_QUOTED_INCLUDE_IN_FRAMEWORK_HEADER = YES;
				CLANG_WARN_RANGE_LOOP_ANALYSIS = YES;
				CLANG_WARN_STRICT_PROTOTYPES = YES;
				CLANG_WARN_SUSPICIOUS_MOVE = YES;
				CLANG_WARN_UNGUARDED_AVAILABILITY = YES_AGGRESSIVE;
				CLANG_WARN_UNREACHABLE_CODE = YES;
				CLANG_WARN__DUPLICATE_METHOD_MATCH = YES;
				COPY_PHASE_STRIP = NO;
				DEBUG_INFORMATION_FORMAT = "dwarf-with-dsym";
				ENABLE_NS_ASSERTIONS = NO;
				ENABLE_STRICT_OBJC_MSGSEND = YES;
				GCC_C_LANGUAGE_STANDARD = gnu11;
				GCC_NO_COMMON_BLOCKS = YES;
				GCC_WARN_64_TO_32_BIT_CONVERSION = YES;
				GCC_WARN_ABOUT_RETURN_TYPE = YES_ERROR;
				GCC_WARN_UNDECLARED_SELECTOR = YES;
				GCC_WARN_UNINITIALIZED_AUTOS = YES_AGGRESSIVE;
				GCC_WARN_UNUSED_FUNCTION = YES;
				GCC_WARN_UNUSED_VARIABLE = YES;
				IPHONEOS_DEPLOYMENT_TARGET = 15.2;
				MTL_ENABLE_DEBUG_INFO = NO;
				MTL_FAST_MATH = YES;
				SDKROOT = iphoneos;
				SWIFT_COMPILATION_MODE = wholemodule;
				SWIFT_OPTIMIZATION_LEVEL = "-O";
				VALIDATE_PRODUCT = YES;
			};
			name = Release;
		};
		048560A02821B4270071808D /* Debug */ = {
			isa = XCBuildConfiguration;
			baseConfigurationReference = 30CD7473B22E63187E7DD006 /* Pods-APITest.debug.xcconfig */;
			buildSettings = {
				ASSETCATALOG_COMPILER_APPICON_NAME = AppIcon;
				ASSETCATALOG_COMPILER_GLOBAL_ACCENT_COLOR_NAME = AccentColor;
				CODE_SIGN_STYLE = Automatic;
				CURRENT_PROJECT_VERSION = 1;
				DEVELOPMENT_TEAM = WZJ6JFW8X2;
				GENERATE_INFOPLIST_FILE = YES;
				INFOPLIST_FILE = APITest/Sistem/Info.plist;
				INFOPLIST_KEY_UIApplicationSupportsIndirectInputEvents = YES;
				INFOPLIST_KEY_UILaunchStoryboardName = LaunchScreen;
				INFOPLIST_KEY_UIMainStoryboardFile = Main;
				INFOPLIST_KEY_UISupportedInterfaceOrientations = UIInterfaceOrientationPortrait;
				INFOPLIST_KEY_UISupportedInterfaceOrientations_iPad = "UIInterfaceOrientationPortrait UIInterfaceOrientationPortraitUpsideDown UIInterfaceOrientationLandscapeLeft UIInterfaceOrientationLandscapeRight";
				INFOPLIST_KEY_UISupportedInterfaceOrientations_iPhone = "UIInterfaceOrientationPortrait UIInterfaceOrientationLandscapeLeft UIInterfaceOrientationLandscapeRight";
				IPHONEOS_DEPLOYMENT_TARGET = 14.5;
				LD_RUNPATH_SEARCH_PATHS = (
					"$(inherited)",
					"@executable_path/Frameworks",
				);
				MARKETING_VERSION = 1.0;
				PRODUCT_BUNDLE_IDENTIFIER = Glushchenko.Sergei.APITest;
				PRODUCT_NAME = "$(TARGET_NAME)";
				SWIFT_EMIT_LOC_STRINGS = YES;
				SWIFT_VERSION = 5.0;
				TARGETED_DEVICE_FAMILY = 1;
			};
			name = Debug;
		};
		048560A12821B4270071808D /* Release */ = {
			isa = XCBuildConfiguration;
			baseConfigurationReference = D8C54E13F0AAF099E566E1F4 /* Pods-APITest.release.xcconfig */;
			buildSettings = {
				ASSETCATALOG_COMPILER_APPICON_NAME = AppIcon;
				ASSETCATALOG_COMPILER_GLOBAL_ACCENT_COLOR_NAME = AccentColor;
				CODE_SIGN_STYLE = Automatic;
				CURRENT_PROJECT_VERSION = 1;
				DEVELOPMENT_TEAM = WZJ6JFW8X2;
				GENERATE_INFOPLIST_FILE = YES;
				INFOPLIST_FILE = APITest/Sistem/Info.plist;
				INFOPLIST_KEY_UIApplicationSupportsIndirectInputEvents = YES;
				INFOPLIST_KEY_UILaunchStoryboardName = LaunchScreen;
				INFOPLIST_KEY_UIMainStoryboardFile = Main;
				INFOPLIST_KEY_UISupportedInterfaceOrientations = UIInterfaceOrientationPortrait;
				INFOPLIST_KEY_UISupportedInterfaceOrientations_iPad = "UIInterfaceOrientationPortrait UIInterfaceOrientationPortraitUpsideDown UIInterfaceOrientationLandscapeLeft UIInterfaceOrientationLandscapeRight";
				INFOPLIST_KEY_UISupportedInterfaceOrientations_iPhone = "UIInterfaceOrientationPortrait UIInterfaceOrientationLandscapeLeft UIInterfaceOrientationLandscapeRight";
				IPHONEOS_DEPLOYMENT_TARGET = 14.5;
				LD_RUNPATH_SEARCH_PATHS = (
					"$(inherited)",
					"@executable_path/Frameworks",
				);
				MARKETING_VERSION = 1.0;
				PRODUCT_BUNDLE_IDENTIFIER = Glushchenko.Sergei.APITest;
				PRODUCT_NAME = "$(TARGET_NAME)";
				SWIFT_EMIT_LOC_STRINGS = YES;
				SWIFT_VERSION = 5.0;
				TARGETED_DEVICE_FAMILY = 1;
			};
			name = Release;
		};
/* End XCBuildConfiguration section */

/* Begin XCConfigurationList section */
		048560862821B4260071808D /* Build configuration list for PBXProject "APITest" */ = {
			isa = XCConfigurationList;
			buildConfigurations = (
				0485609D2821B4270071808D /* Debug */,
				0485609E2821B4270071808D /* Release */,
			);
			defaultConfigurationIsVisible = 0;
			defaultConfigurationName = Release;
		};
		0485609F2821B4270071808D /* Build configuration list for PBXNativeTarget "APITest" */ = {
			isa = XCConfigurationList;
			buildConfigurations = (
				048560A02821B4270071808D /* Debug */,
				048560A12821B4270071808D /* Release */,
			);
			defaultConfigurationIsVisible = 0;
			defaultConfigurationName = Release;
		};
/* End XCConfigurationList section */
	};
	rootObject = 048560832821B4260071808D /* Project object */;
}
